
Microsoft Visual Studio Solution File, Format Version 12.00
# Visual Studio Version 17
VisualStudioVersion = 17.4.33213.308
MinimumVisualStudioVersion = 10.0.40219.1
Project("{FAE04EC0-301F-11D3-BF4B-00C04F79EFBC}") = "БЛИН", "БЛИН\БЛИН.csproj", "{893FC639-0CE9-4579-91F9-18A133BF3712}"
EndProject
Global
	GlobalSection(SolutionConfigurationPlatforms) = preSolution
		Debug|Any CPU = Debug|Any CPU
		Release|Any CPU = Release|Any CPU
	EndGlobalSection
	GlobalSection(ProjectConfigurationPlatforms) = postSolution
		{893FC639-0CE9-4579-91F9-18A133BF3712}.Debug|Any CPU.ActiveCfg = Debug|Any CPU
		{893FC639-0CE9-4579-91F9-18A133BF3712}.Debug|Any CPU.Build.0 = Debug|Any CPU
		{893FC639-0CE9-4579-91F9-18A133BF3712}.Release|Any CPU.ActiveCfg = Release|Any CPU
		{893FC639-0CE9-4579-91F9-18A133BF3712}.Release|Any CPU.Build.0 = Release|Any CPU
	EndGlobalSection
	GlobalSection(SolutionProperties) = preSolution
		HideSolutionNode = FALSE
	EndGlobalSection
	GlobalSection(ExtensibilityGlobals) = postSolution
		SolutionGuid = {523596F2-FC42-41D1-A71A-384954FEAF79}
	EndGlobalSection
EndGlobal
